
Microsoft Visual Studio Solution File, Format Version 12.00
# Visual Studio Version 16
VisualStudioVersion = 16.0.30413.136
MinimumVisualStudioVersion = 10.0.40219.1
Project("{9A19103F-16F7-4668-BE54-9A1E7A4F7556}") = "WPF_Calculator_App", "WPF_Calculator_App\WPF_Calculator_App.csproj", "{A80CDC7C-0789-4C39-8641-EF59EB6C5CEC}"
EndProject
Project("{9A19103F-16F7-4668-BE54-9A1E7A4F7556}") = "WPF_Calculator_AppTests", "WPF_Calculator_AppTests\WPF_Calculator_AppTests.csproj", "{78EF6B69-16EE-42B6-ADC6-F7B9A921BE00}"
EndProject
Global
	GlobalSection(SolutionConfigurationPlatforms) = preSolution
		Debug|Any CPU = Debug|Any CPU
		Release|Any CPU = Release|Any CPU
	EndGlobalSection
	GlobalSection(ProjectConfigurationPlatforms) = postSolution
		{A80CDC7C-0789-4C39-8641-EF59EB6C5CEC}.Debug|Any CPU.ActiveCfg = Debug|Any CPU
		{A80CDC7C-0789-4C39-8641-EF59EB6C5CEC}.Debug|Any CPU.Build.0 = Debug|Any CPU
		{A80CDC7C-0789-4C39-8641-EF59EB6C5CEC}.Release|Any CPU.ActiveCfg = Release|Any CPU
		{A80CDC7C-0789-4C39-8641-EF59EB6C5CEC}.Release|Any CPU.Build.0 = Release|Any CPU
		{78EF6B69-16EE-42B6-ADC6-F7B9A921BE00}.Debug|Any CPU.ActiveCfg = Debug|Any CPU
		{78EF6B69-16EE-42B6-ADC6-F7B9A921BE00}.Debug|Any CPU.Build.0 = Debug|Any CPU
		{78EF6B69-16EE-42B6-ADC6-F7B9A921BE00}.Release|Any CPU.ActiveCfg = Release|Any CPU
		{78EF6B69-16EE-42B6-ADC6-F7B9A921BE00}.Release|Any CPU.Build.0 = Release|Any CPU
	EndGlobalSection
	GlobalSection(SolutionProperties) = preSolution
		HideSolutionNode = FALSE
	EndGlobalSection
	GlobalSection(ExtensibilityGlobals) = postSolution
		SolutionGuid = {1D92E9D8-FE8B-4EDB-AB0B-6C33501248EF}
	EndGlobalSection
EndGlobal
